
Microsoft Visual Studio Solution File, Format Version 12.00
# Visual Studio Version 17
VisualStudioVersion = 17.11.35222.181
MinimumVisualStudioVersion = 10.0.40219.1
Project("{FAE04EC0-301F-11D3-BF4B-00C04F79EFBC}") = "OrderingSystem", "OrderingSystem.csproj", "{688E75E3-3C18-4F5F-A316-C32A03E9D237}"
EndProject
Global
	GlobalSection(SolutionConfigurationPlatforms) = preSolution
		Debug|Any CPU = Debug|Any CPU
		Release|Any CPU = Release|Any CPU
	EndGlobalSection
	GlobalSection(ProjectConfigurationPlatforms) = postSolution
		{688E75E3-3C18-4F5F-A316-C32A03E9D237}.Debug|Any CPU.ActiveCfg = Debug|Any CPU
		{688E75E3-3C18-4F5F-A316-C32A03E9D237}.Debug|Any CPU.Build.0 = Debug|Any CPU
		{688E75E3-3C18-4F5F-A316-C32A03E9D237}.Release|Any CPU.ActiveCfg = Release|Any CPU
		{688E75E3-3C18-4F5F-A316-C32A03E9D237}.Release|Any CPU.Build.0 = Release|Any CPU
	EndGlobalSection
	GlobalSection(SolutionProperties) = preSolution
		HideSolutionNode = FALSE
	EndGlobalSection
	GlobalSection(ExtensibilityGlobals) = postSolution
		SolutionGuid = {B96EE84B-FE7A-4B0A-BC9F-09068155EC38}
	EndGlobalSection
EndGlobal
